
Microsoft Visual Studio Solution File, Format Version 12.00
# Visual Studio 15
VisualStudioVersion = 15.0.28307.902
MinimumVisualStudioVersion = 10.0.40219.1
Project("{FAE04EC0-301F-11D3-BF4B-00C04F79EFBC}") = "StudentManageSys", "StudentManageSys\StudentManageSys.csproj", "{7785669D-0913-4DD8-8440-A97487D21B1A}"
EndProject
Global
	GlobalSection(SolutionConfigurationPlatforms) = preSolution
		Debug|Any CPU = Debug|Any CPU
		Release|Any CPU = Release|Any CPU
	EndGlobalSection
	GlobalSection(ProjectConfigurationPlatforms) = postSolution
		{7785669D-0913-4DD8-8440-A97487D21B1A}.Debug|Any CPU.ActiveCfg = Debug|Any CPU
		{7785669D-0913-4DD8-8440-A97487D21B1A}.Debug|Any CPU.Build.0 = Debug|Any CPU
		{7785669D-0913-4DD8-8440-A97487D21B1A}.Release|Any CPU.ActiveCfg = Release|Any CPU
		{7785669D-0913-4DD8-8440-A97487D21B1A}.Release|Any CPU.Build.0 = Release|Any CPU
	EndGlobalSection
	GlobalSection(SolutionProperties) = preSolution
		HideSolutionNode = FALSE
	EndGlobalSection
	GlobalSection(ExtensibilityGlobals) = postSolution
		SolutionGuid = {1048E6D3-A67B-4712-A516-1E4BB44401E6}
	EndGlobalSection
EndGlobal
